
Microsoft Visual Studio Solution File, Format Version 12.00
# Visual Studio Version 16
VisualStudioVersion = 16.0.30523.141
MinimumVisualStudioVersion = 10.0.40219.1
Project("{9A19103F-16F7-4668-BE54-9A1E7A4F7556}") = "XGBoost", "XGBoost\XGBoost.csproj", "{CBCF6D19-3F11-4D79-864C-DD2651FB91FC}"
EndProject
Global
	GlobalSection(SolutionConfigurationPlatforms) = preSolution
		Debug|Any CPU = Debug|Any CPU
		Debug|x64 = Debug|x64
		Release|Any CPU = Release|Any CPU
		Release|x64 = Release|x64
	EndGlobalSection
	GlobalSection(ProjectConfigurationPlatforms) = postSolution
		{CBCF6D19-3F11-4D79-864C-DD2651FB91FC}.Debug|Any CPU.ActiveCfg = Debug|Any CPU
		{CBCF6D19-3F11-4D79-864C-DD2651FB91FC}.Debug|Any CPU.Build.0 = Debug|Any CPU
		{CBCF6D19-3F11-4D79-864C-DD2651FB91FC}.Debug|x64.ActiveCfg = Debug|Any CPU
		{CBCF6D19-3F11-4D79-864C-DD2651FB91FC}.Debug|x64.Build.0 = Debug|Any CPU
		{CBCF6D19-3F11-4D79-864C-DD2651FB91FC}.Release|Any CPU.ActiveCfg = Release|Any CPU
		{CBCF6D19-3F11-4D79-864C-DD2651FB91FC}.Release|Any CPU.Build.0 = Release|Any CPU
		{CBCF6D19-3F11-4D79-864C-DD2651FB91FC}.Release|x64.ActiveCfg = Release|Any CPU
		{CBCF6D19-3F11-4D79-864C-DD2651FB91FC}.Release|x64.Build.0 = Release|Any CPU
	EndGlobalSection
	GlobalSection(SolutionProperties) = preSolution
		HideSolutionNode = FALSE
	EndGlobalSection
	GlobalSection(ExtensibilityGlobals) = postSolution
		SolutionGuid = {56DC450A-EAD0-4184-AA79-0EC5BE6D19AC}
	EndGlobalSection
EndGlobal
